// !$*UTF8*$!
{
	archiveVersion = 1;
	classes = {
	};
	objectVersion = 56;
	objects = {

/* Begin PBXBuildFile section */
		F63686DC293FB56D0054AF42 /* AppDelegate.swift in Sources */ = {isa = PBXBuildFile; fileRef = F63686DB293FB56D0054AF42 /* AppDelegate.swift */; };
		F63686DE293FB56D0054AF42 /* SceneDelegate.swift in Sources */ = {isa = PBXBuildFile; fileRef = F63686DD293FB56D0054AF42 /* SceneDelegate.swift */; };
		F63686E0293FB56D0054AF42 /* ViewController.swift in Sources */ = {isa = PBXBuildFile; fileRef = F63686DF293FB56D0054AF42 /* ViewController.swift */; };
		F63686E3293FB56D0054AF42 /* Main.storyboard in Resources */ = {isa = PBXBuildFile; fileRef = F63686E1293FB56D0054AF42 /* Main.storyboard */; };
		F63686E5293FB56D0054AF42 /* Assets.xcassets in Resources */ = {isa = PBXBuildFile; fileRef = F63686E4293FB56D0054AF42 /* Assets.xcassets */; };
		F63686E8293FB56D0054AF42 /* LaunchScreen.storyboard in Resources */ = {isa = PBXBuildFile; fileRef = F63686E6293FB56D0054AF42 /* LaunchScreen.storyboard */; };
		F643D1C22941F104000C2834 /* practiceCoreData.xcdatamodeld in Sources */ = {isa = PBXBuildFile; fileRef = F643D1C02941F104000C2834 /* practiceCoreData.xcdatamodeld */; };
		F643D1C629424B5E000C2834 /* AnyViewController.swift in Sources */ = {isa = PBXBuildFile; fileRef = F643D1C529424B5E000C2834 /* AnyViewController.swift */; };
		F643D1CB29424EF2000C2834 /* Adress+CoreDataClass.swift in Sources */ = {isa = PBXBuildFile; fileRef = F643D1C729424EF2000C2834 /* Adress+CoreDataClass.swift */; };
		F643D1CD29424EF2000C2834 /* Person+CoreDataClass.swift in Sources */ = {isa = PBXBuildFile; fileRef = F643D1C929424EF2000C2834 /* Person+CoreDataClass.swift */; };
		F643D1D029425853000C2834 /* PersonInfo.swift in Sources */ = {isa = PBXBuildFile; fileRef = F643D1CF29425853000C2834 /* PersonInfo.swift */; };
		F643D1D229426514000C2834 /* Person.swift in Sources */ = {isa = PBXBuildFile; fileRef = F643D1D129426514000C2834 /* Person.swift */; };
/* End PBXBuildFile section */

/* Begin PBXFileReference section */
		F63686D8293FB56D0054AF42 /* CoreDataPractice.app */ = {isa = PBXFileReference; explicitFileType = wrapper.application; includeInIndex = 0; path = CoreDataPractice.app; sourceTree = BUILT_PRODUCTS_DIR; };
		F63686DB293FB56D0054AF42 /* AppDelegate.swift */ = {isa = PBXFileReference; lastKnownFileType = sourcecode.swift; path = AppDelegate.swift; sourceTree = "<group>"; };
		F63686DD293FB56D0054AF42 /* SceneDelegate.swift */ = {isa = PBXFileReference; lastKnownFileType = sourcecode.swift; path = SceneDelegate.swift; sourceTree = "<group>"; };
		F63686DF293FB56D0054AF42 /* ViewController.swift */ = {isa = PBXFileReference; lastKnownFileType = sourcecode.swift; path = ViewController.swift; sourceTree = "<group>"; };
		F63686E2293FB56D0054AF42 /* Base */ = {isa = PBXFileReference; lastKnownFileType = file.storyboard; name = Base; path = Base.lproj/Main.storyboard; sourceTree = "<group>"; };
		F63686E4293FB56D0054AF42 /* Assets.xcassets */ = {isa = PBXFileReference; lastKnownFileType = folder.assetcatalog; path = Assets.xcassets; sourceTree = "<group>"; };
		F63686E7293FB56D0054AF42 /* Base */ = {isa = PBXFileReference; lastKnownFileType = file.storyboard; name = Base; path = Base.lproj/LaunchScreen.storyboard; sourceTree = "<group>"; };
		F63686E9293FB56D0054AF42 /* Info.plist */ = {isa = PBXFileReference; lastKnownFileType = text.plist.xml; path = Info.plist; sourceTree = "<group>"; };
		F643D1C12941F104000C2834 /* practiceCoreData.xcdatamodel */ = {isa = PBXFileReference; lastKnownFileType = wrapper.xcdatamodel; path = practiceCoreData.xcdatamodel; sourceTree = "<group>"; };
		F643D1C529424B5E000C2834 /* AnyViewController.swift */ = {isa = PBXFileReference; lastKnownFileType = sourcecode.swift; path = AnyViewController.swift; sourceTree = "<group>"; };
		F643D1C729424EF2000C2834 /* Adress+CoreDataClass.swift */ = {isa = PBXFileReference; lastKnownFileType = sourcecode.swift; path = "Adress+CoreDataClass.swift"; sourceTree = "<group>"; };
		F643D1C929424EF2000C2834 /* Person+CoreDataClass.swift */ = {isa = PBXFileReference; lastKnownFileType = sourcecode.swift; path = "Person+CoreDataClass.swift"; sourceTree = "<group>"; };
		F643D1CF29425853000C2834 /* PersonInfo.swift */ = {isa = PBXFileReference; lastKnownFileType = sourcecode.swift; path = PersonInfo.swift; sourceTree = "<group>"; };
		F643D1D129426514000C2834 /* Person.swift */ = {isa = PBXFileReference; lastKnownFileType = sourcecode.swift; path = Person.swift; sourceTree = "<group>"; };
/* End PBXFileReference section */

/* Begin PBXFrameworksBuildPhase section */
		F63686D5293FB56D0054AF42 /* Frameworks */ = {
			isa = PBXFrameworksBuildPhase;
			buildActionMask = 2147483647;
			files = (
			);
			runOnlyForDeploymentPostprocessing = 0;
		};
/* End PBXFrameworksBuildPhase section */

/* Begin PBXGroup section */
		F63686CF293FB56D0054AF42 = {
			isa = PBXGroup;
			children = (
				F643D1C729424EF2000C2834 /* Adress+CoreDataClass.swift */,
				F643D1C929424EF2000C2834 /* Person+CoreDataClass.swift */,
				F643D1D129426514000C2834 /* Person.swift */,
				F63686DA293FB56D0054AF42 /* CoreDataPractice */,
				F63686D9293FB56D0054AF42 /* Products */,
			);
			sourceTree = "<group>";
		};
		F63686D9293FB56D0054AF42 /* Products */ = {
			isa = PBXGroup;
			children = (
				F63686D8293FB56D0054AF42 /* CoreDataPractice.app */,
			);
			name = Products;
			sourceTree = "<group>";
		};
		F63686DA293FB56D0054AF42 /* CoreDataPractice */ = {
			isa = PBXGroup;
			children = (
				F643D1C02941F104000C2834 /* practiceCoreData.xcdatamodeld */,
				F63686DB293FB56D0054AF42 /* AppDelegate.swift */,
				F63686DD293FB56D0054AF42 /* SceneDelegate.swift */,
				F63686DF293FB56D0054AF42 /* ViewController.swift */,
				F643D1CF29425853000C2834 /* PersonInfo.swift */,
				F643D1C529424B5E000C2834 /* AnyViewController.swift */,
				F63686E1293FB56D0054AF42 /* Main.storyboard */,
				F63686E4293FB56D0054AF42 /* Assets.xcassets */,
				F63686E6293FB56D0054AF42 /* LaunchScreen.storyboard */,
				F63686E9293FB56D0054AF42 /* Info.plist */,
			);
			path = CoreDataPractice;
			sourceTree = "<group>";
		};
/* End PBXGroup section */

/* Begin PBXNativeTarget section */
		F63686D7293FB56D0054AF42 /* CoreDataPractice */ = {
			isa = PBXNativeTarget;
			buildConfigurationList = F63686EC293FB56D0054AF42 /* Build configuration list for PBXNativeTarget "CoreDataPractice" */;
			buildPhases = (
				F63686D4293FB56D0054AF42 /* Sources */,
				F63686D5293FB56D0054AF42 /* Frameworks */,
				F63686D6293FB56D0054AF42 /* Resources */,
			);
			buildRules = (
			);
			dependencies = (
			);
			name = CoreDataPractice;
			productName = CoreDataPractice;
			productReference = F63686D8293FB56D0054AF42 /* CoreDataPractice.app */;
			productType = "com.apple.product-type.application";
		};
/* End PBXNativeTarget section */

/* Begin PBXProject section */
		F63686D0293FB56D0054AF42 /* Project object */ = {
			isa = PBXProject;
			attributes = {
				BuildIndependentTargetsInParallel = 1;
				LastSwiftUpdateCheck = 1410;
				LastUpgradeCheck = 1410;
				TargetAttributes = {
					F63686D7293FB56D0054AF42 = {
						CreatedOnToolsVersion = 14.1;
					};
				};
			};
			buildConfigurationList = F63686D3293FB56D0054AF42 /* Build configuration list for PBXProject "CoreDataPractice" */;
			compatibilityVersion = "Xcode 14.0";
			developmentRegion = en;
			hasScannedForEncodings = 0;
			knownRegions = (
				en,
				Base,
			);
			mainGroup = F63686CF293FB56D0054AF42;
			productRefGroup = F63686D9293FB56D0054AF42 /* Products */;
			projectDirPath = "";
			projectRoot = "";
			targets = (
				F63686D7293FB56D0054AF42 /* CoreDataPractice */,
			);
		};
/* End PBXProject section */

/* Begin PBXResourcesBuildPhase section */
		F63686D6293FB56D0054AF42 /* Resources */ = {
			isa = PBXResourcesBuildPhase;
			buildActionMask = 2147483647;
			files = (
				F63686E8293FB56D0054AF42 /* LaunchScreen.storyboard in Resources */,
				F63686E5293FB56D0054AF42 /* Assets.xcassets in Resources */,
				F63686E3293FB56D0054AF42 /* Main.storyboard in Resources */,
			);
			runOnlyForDeploymentPostprocessing = 0;
		};
/* End PBXResourcesBuildPhase section */

/* Begin PBXSourcesBuildPhase section */
		F63686D4293FB56D0054AF42 /* Sources */ = {
			isa = PBXSourcesBuildPhase;
			buildActionMask = 2147483647;
			files = (
				F643D1CD29424EF2000C2834 /* Person+CoreDataClass.swift in Sources */,
				F63686E0293FB56D0054AF42 /* ViewController.swift in Sources */,
				F643D1C629424B5E000C2834 /* AnyViewController.swift in Sources */,
				F63686DC293FB56D0054AF42 /* AppDelegate.swift in Sources */,
				F63686DE293FB56D0054AF42 /* SceneDelegate.swift in Sources */,
				F643D1C22941F104000C2834 /* practiceCoreData.xcdatamodeld in Sources */,
				F643D1D229426514000C2834 /* Person.swift in Sources */,
				F643D1D029425853000C2834 /* PersonInfo.swift in Sources */,
				F643D1CB29424EF2000C2834 /* Adress+CoreDataClass.swift in Sources */,
			);
			runOnlyForDeploymentPostprocessing = 0;
		};
/* End PBXSourcesBuildPhase section */

/* Begin PBXVariantGroup section */
		F63686E1293FB56D0054AF42 /* Main.storyboard */ = {
			isa = PBXVariantGroup;
			children = (
				F63686E2293FB56D0054AF42 /* Base */,
			);
			name = Main.storyboard;
			sourceTree = "<group>";
		};
		F63686E6293FB56D0054AF42 /* LaunchScreen.storyboard */ = {
			isa = PBXVariantGroup;
			children = (
				F63686E7293FB56D0054AF42 /* Base */,
			);
			name = LaunchScreen.storyboard;
			sourceTree = "<group>";
		};
/* End PBXVariantGroup section */

/* Begin XCBuildConfiguration section */
		F63686EA293FB56D0054AF42 /* Debug */ = {
			isa = XCBuildConfiguration;
			buildSettings = {
				ALWAYS_SEARCH_USER_PATHS = NO;
				CLANG_ANALYZER_NONNULL = YES;
				CLANG_ANALYZER_NUMBER_OBJECT_CONVERSION = YES_AGGRESSIVE;
				CLANG_CXX_LANGUAGE_STANDARD = "gnu++20";
				CLANG_ENABLE_MODULES = YES;
				CLANG_ENABLE_OBJC_ARC = YES;
				CLANG_ENABLE_OBJC_WEAK = YES;
				CLANG_WARN_BLOCK_CAPTURE_AUTORELEASING = YES;
				CLANG_WARN_BOOL_CONVERSION = YES;
				CLANG_WARN_COMMA = YES;
				CLANG_WARN_CONSTANT_CONVERSION = YES;
				CLANG_WARN_DEPRECATED_OBJC_IMPLEMENTATIONS = YES;
				CLANG_WARN_DIRECT_OBJC_ISA_USAGE = YES_ERROR;
				CLANG_WARN_DOCUMENTATION_COMMENTS = YES;
				CLANG_WARN_EMPTY_BODY = YES;
				CLANG_WARN_ENUM_CONVERSION = YES;
				CLANG_WARN_INFINITE_RECURSION = YES;
				CLANG_WARN_INT_CONVERSION = YES;
				CLANG_WARN_NON_LITERAL_NULL_CONVERSION = YES;
				CLANG_WARN_OBJC_IMPLICIT_RETAIN_SELF = YES;
				CLANG_WARN_OBJC_LITERAL_CONVERSION = YES;
				CLANG_WARN_OBJC_ROOT_CLASS = YES_ERROR;
				CLANG_WARN_QUOTED_INCLUDE_IN_FRAMEWORK_HEADER = YES;
				CLANG_WARN_RANGE_LOOP_ANALYSIS = YES;
				CLANG_WARN_STRICT_PROTOTYPES = YES;
				CLANG_WARN_SUSPICIOUS_MOVE = YES;
				CLANG_WARN_UNGUARDED_AVAILABILITY = YES_AGGRESSIVE;
				CLANG_WARN_UNREACHABLE_CODE = YES;
				CLANG_WARN__DUPLICATE_METHOD_MATCH = YES;
				COPY_PHASE_STRIP = NO;
				DEBUG_INFORMATION_FORMAT = dwarf;
				ENABLE_STRICT_OBJC_MSGSEND = YES;
				ENABLE_TESTABILITY = YES;
				GCC_C_LANGUAGE_STANDARD = gnu11;
				GCC_DYNAMIC_NO_PIC = NO;
				GCC_NO_COMMON_BLOCKS = YES;
				GCC_OPTIMIZATION_LEVEL = 0;
				GCC_PREPROCESSOR_DEFINITIONS = (
					"DEBUG=1",
					"$(inherited)",
				);
				GCC_WARN_64_TO_32_BIT_CONVERSION = YES;
				GCC_WARN_ABOUT_RETURN_TYPE = YES_ERROR;
				GCC_WARN_UNDECLARED_SELECTOR = YES;
				GCC_WARN_UNINITIALIZED_AUTOS = YES_AGGRESSIVE;
				GCC_WARN_UNUSED_FUNCTION = YES;
				GCC_WARN_UNUSED_VARIABLE = YES;
				IPHONEOS_DEPLOYMENT_TARGET = 16.1;
				MTL_ENABLE_DEBUG_INFO = INCLUDE_SOURCE;
				MTL_FAST_MATH = YES;
				ONLY_ACTIVE_ARCH = YES;
				SDKROOT = iphoneos;
				SWIFT_ACTIVE_COMPILATION_CONDITIONS = DEBUG;
				SWIFT_OPTIMIZATION_LEVEL = "-Onone";
			};
			name = Debug;
		};
		F63686EB293FB56D0054AF42 /* Release */ = {
			isa = XCBuildConfiguration;
			buildSettings = {
				ALWAYS_SEARCH_USER_PATHS = NO;
				CLANG_ANALYZER_NONNULL = YES;
				CLANG_ANALYZER_NUMBER_OBJECT_CONVERSION = YES_AGGRESSIVE;
				CLANG_CXX_LANGUAGE_STANDARD = "gnu++20";
				CLANG_ENABLE_MODULES = YES;
				CLANG_ENABLE_OBJC_ARC = YES;
				CLANG_ENABLE_OBJC_WEAK = YES;
				CLANG_WARN_BLOCK_CAPTURE_AUTORELEASING = YES;
				CLANG_WARN_BOOL_CONVERSION = YES;
				CLANG_WARN_COMMA = YES;
				CLANG_WARN_CONSTANT_CONVERSION = YES;
				CLANG_WARN_DEPRECATED_OBJC_IMPLEMENTATIONS = YES;
				CLANG_WARN_DIRECT_OBJC_ISA_USAGE = YES_ERROR;
				CLANG_WARN_DOCUMENTATION_COMMENTS = YES;
				CLANG_WARN_EMPTY_BODY = YES;
				CLANG_WARN_ENUM_CONVERSION = YES;
				CLANG_WARN_INFINITE_RECURSION = YES;
				CLANG_WARN_INT_CONVERSION = YES;
				CLANG_WARN_NON_LITERAL_NULL_CONVERSION = YES;
				CLANG_WARN_OBJC_IMPLICIT_RETAIN_SELF = YES;
				CLANG_WARN_OBJC_LITERAL_CONVERSION = YES;
				CLANG_WARN_OBJC_ROOT_CLASS = YES_ERROR;
				CLANG_WARN_QUOTED_INCLUDE_IN_FRAMEWORK_HEADER = YES;
				CLANG_WARN_RANGE_LOOP_ANALYSIS = YES;
				CLANG_WARN_STRICT_PROTOTYPES = YES;
				CLANG_WARN_SUSPICIOUS_MOVE = YES;
				CLANG_WARN_UNGUARDED_AVAILABILITY = YES_AGGRESSIVE;
				CLANG_WARN_UNREACHABLE_CODE = YES;
				CLANG_WARN__DUPLICATE_METHOD_MATCH = YES;
				COPY_PHASE_STRIP = NO;
				DEBUG_INFORMATION_FORMAT = "dwarf-with-dsym";
				ENABLE_NS_ASSERTIONS = NO;
				ENABLE_STRICT_OBJC_MSGSEND = YES;
				GCC_C_LANGUAGE_STANDARD = gnu11;
				GCC_NO_COMMON_BLOCKS = YES;
				GCC_WARN_64_TO_32_BIT_CONVERSION = YES;
				GCC_WARN_ABOUT_RETURN_TYPE = YES_ERROR;
				GCC_WARN_UNDECLARED_SELECTOR = YES;
				GCC_WARN_UNINITIALIZED_AUTOS = YES_AGGRESSIVE;
				GCC_WARN_UNUSED_FUNCTION = YES;
				GCC_WARN_UNUSED_VARIABLE = YES;
				IPHONEOS_DEPLOYMENT_TARGET = 16.1;
				MTL_ENABLE_DEBUG_INFO = NO;
				MTL_FAST_MATH = YES;
				SDKROOT = iphoneos;
				SWIFT_COMPILATION_MODE = wholemodule;
				SWIFT_OPTIMIZATION_LEVEL = "-O";
				VALIDATE_PRODUCT = YES;
			};
			name = Release;
		};
		F63686ED293FB56D0054AF42 /* Debug */ = {
			isa = XCBuildConfiguration;
			buildSettings = {
				ASSETCATALOG_COMPILER_APPICON_NAME = AppIcon;
				ASSETCATALOG_COMPILER_GLOBAL_ACCENT_COLOR_NAME = AccentColor;
				CODE_SIGN_STYLE = Automatic;
				CURRENT_PROJECT_VERSION = 1;
				GENERATE_INFOPLIST_FILE = YES;
				INFOPLIST_FILE = CoreDataPractice/Info.plist;
				INFOPLIST_KEY_UIApplicationSupportsIndirectInputEvents = YES;
				INFOPLIST_KEY_UILaunchStoryboardName = LaunchScreen;
				INFOPLIST_KEY_UIMainStoryboardFile = Main;
				INFOPLIST_KEY_UISupportedInterfaceOrientations_iPad = "UIInterfaceOrientationPortrait UIInterfaceOrientationPortraitUpsideDown UIInterfaceOrientationLandscapeLeft UIInterfaceOrientationLandscapeRight";
				INFOPLIST_KEY_UISupportedInterfaceOrientations_iPhone = "UIInterfaceOrientationPortrait UIInterfaceOrientationLandscapeLeft UIInterfaceOrientationLandscapeRight";
				LD_RUNPATH_SEARCH_PATHS = (
					"$(inherited)",
					"@executable_path/Frameworks",
				);
				MARKETING_VERSION = 1.0;
				PRODUCT_BUNDLE_IDENTIFIER = baem.CoreDataPractice;
				PRODUCT_NAME = "$(TARGET_NAME)";
				SWIFT_EMIT_LOC_STRINGS = YES;
				SWIFT_VERSION = 5.0;
				TARGETED_DEVICE_FAMILY = "1,2";
			};
			name = Debug;
		};
		F63686EE293FB56D0054AF42 /* Release */ = {
			isa = XCBuildConfiguration;
			buildSettings = {
				ASSETCATALOG_COMPILER_APPICON_NAME = AppIcon;
				ASSETCATALOG_COMPILER_GLOBAL_ACCENT_COLOR_NAME = AccentColor;
				CODE_SIGN_STYLE = Automatic;
				CURRENT_PROJECT_VERSION = 1;
				GENERATE_INFOPLIST_FILE = YES;
				INFOPLIST_FILE = CoreDataPractice/Info.plist;
				INFOPLIST_KEY_UIApplicationSupportsIndirectInputEvents = YES;
				INFOPLIST_KEY_UILaunchStoryboardName = LaunchScreen;
				INFOPLIST_KEY_UIMainStoryboardFile = Main;
				INFOPLIST_KEY_UISupportedInterfaceOrientations_iPad = "UIInterfaceOrientationPortrait UIInterfaceOrientationPortraitUpsideDown UIInterfaceOrientationLandscapeLeft UIInterfaceOrientationLandscapeRight";
				INFOPLIST_KEY_UISupportedInterfaceOrientations_iPhone = "UIInterfaceOrientationPortrait UIInterfaceOrientationLandscapeLeft UIInterfaceOrientationLandscapeRight";
				LD_RUNPATH_SEARCH_PATHS = (
					"$(inherited)",
					"@executable_path/Frameworks",
				);
				MARKETING_VERSION = 1.0;
				PRODUCT_BUNDLE_IDENTIFIER = baem.CoreDataPractice;
				PRODUCT_NAME = "$(TARGET_NAME)";
				SWIFT_EMIT_LOC_STRINGS = YES;
				SWIFT_VERSION = 5.0;
				TARGETED_DEVICE_FAMILY = "1,2";
			};
			name = Release;
		};
/* End XCBuildConfiguration section */

/* Begin XCConfigurationList section */
		F63686D3293FB56D0054AF42 /* Build configuration list for PBXProject "CoreDataPractice" */ = {
			isa = XCConfigurationList;
			buildConfigurations = (
				F63686EA293FB56D0054AF42 /* Debug */,
				F63686EB293FB56D0054AF42 /* Release */,
			);
			defaultConfigurationIsVisible = 0;
			defaultConfigurationName = Release;
		};
		F63686EC293FB56D0054AF42 /* Build configuration list for PBXNativeTarget "CoreDataPractice" */ = {
			isa = XCConfigurationList;
			buildConfigurations = (
				F63686ED293FB56D0054AF42 /* Debug */,
				F63686EE293FB56D0054AF42 /* Release */,
			);
			defaultConfigurationIsVisible = 0;
			defaultConfigurationName = Release;
		};
/* End XCConfigurationList section */

/* Begin XCVersionGroup section */
		F643D1C02941F104000C2834 /* practiceCoreData.xcdatamodeld */ = {
			isa = XCVersionGroup;
			children = (
				F643D1C12941F104000C2834 /* practiceCoreData.xcdatamodel */,
			);
			currentVersion = F643D1C12941F104000C2834 /* practiceCoreData.xcdatamodel */;
			path = practiceCoreData.xcdatamodeld;
			sourceTree = "<group>";
			versionGroupType = wrapper.xcdatamodel;
		};
/* End XCVersionGroup section */
	};
	rootObject = F63686D0293FB56D0054AF42 /* Project object */;
}
